// !$*UTF8*$!
{
	archiveVersion = 1;
	classes = {
	};
	objectVersion = 46;
	objects = {

/* Begin PBXBuildFile section */
		5C9CA4BFC796A8E17D387BAE /* FeatureCollectionNode.cpp in Sources */ = {isa = PBXBuildFile; fileRef = 237729339D5EF17DBD3754C6 /* FeatureCollectionNode.cpp */; };
		5CCFB2A36396A0511400C909 /* jsoncpp.cpp in Sources */ = {isa = PBXBuildFile; fileRef = 684C4A6525DAC1BF8D7DFEEF /* jsoncpp.cpp */; };
		63E4B28AF5F75CA2F87A0758 /* FeatureNode.cpp in Sources */ = {isa = PBXBuildFile; fileRef = DF47B7485B5CD5D2E2B93E7D /* FeatureNode.cpp */; };
		8F8887A353D20A912E989043 /* JsonLoader.cpp in Sources */ = {isa = PBXBuildFile; fileRef = 0056DDC2FB9237571507BB0E /* JsonLoader.cpp */; };
		90EFE1B897A797B81ED960B9 /* FeatureLeafNode.cpp in Sources */ = {isa = PBXBuildFile; fileRef = F386EF4AEFB25D1DFAE032B6 /* FeatureLeafNode.cpp */; };
		9455F3F777137963C1194F60 /* ofxJSONElement.cpp in Sources */ = {isa = PBXBuildFile; fileRef = 081473F8EA3EB8A9C41C0FBE /* ofxJSONElement.cpp */; };
		A8120F341BBD83BD003808C0 /* ofxQuad.cpp in Sources */ = {isa = PBXBuildFile; fileRef = A8120F231BBD83BD003808C0 /* ofxQuad.cpp */; settings = {ASSET_TAGS = (); }; };
		A8120F351BBD83BD003808C0 /* ofxQuadManager.cpp in Sources */ = {isa = PBXBuildFile; fileRef = A8120F251BBD83BD003808C0 /* ofxQuadManager.cpp */; settings = {ASSET_TAGS = (); }; };
		A8120F361BBD83BD003808C0 /* ofxQuadSource.cpp in Sources */ = {isa = PBXBuildFile; fileRef = A8120F271BBD83BD003808C0 /* ofxQuadSource.cpp */; settings = {ASSET_TAGS = (); }; };
		A8120F371BBD83BD003808C0 /* ofxQuadSourceImage.cpp in Sources */ = {isa = PBXBuildFile; fileRef = A8120F291BBD83BD003808C0 /* ofxQuadSourceImage.cpp */; settings = {ASSET_TAGS = (); }; };
		A8120F381BBD83BD003808C0 /* ofxQuadSourceVideo.cpp in Sources */ = {isa = PBXBuildFile; fileRef = A8120F2B1BBD83BD003808C0 /* ofxQuadSourceVideo.cpp */; settings = {ASSET_TAGS = (); }; };
		A8120F531BBD86CB003808C0 /* ofxBaseGui.cpp in Sources */ = {isa = PBXBuildFile; fileRef = A8120F421BBD86CB003808C0 /* ofxBaseGui.cpp */; settings = {ASSET_TAGS = (); }; };
		A8120F541BBD86CB003808C0 /* ofxButton.cpp in Sources */ = {isa = PBXBuildFile; fileRef = A8120F441BBD86CB003808C0 /* ofxButton.cpp */; settings = {ASSET_TAGS = (); }; };
		A8120F551BBD86CB003808C0 /* ofxGuiGroup.cpp in Sources */ = {isa = PBXBuildFile; fileRef = A8120F471BBD86CB003808C0 /* ofxGuiGroup.cpp */; settings = {ASSET_TAGS = (); }; };
		A8120F561BBD86CB003808C0 /* ofxLabel.cpp in Sources */ = {isa = PBXBuildFile; fileRef = A8120F491BBD86CB003808C0 /* ofxLabel.cpp */; settings = {ASSET_TAGS = (); }; };
		A8120F571BBD86CB003808C0 /* ofxPanel.cpp in Sources */ = {isa = PBXBuildFile; fileRef = A8120F4B1BBD86CB003808C0 /* ofxPanel.cpp */; settings = {ASSET_TAGS = (); }; };
		A8120F581BBD86CB003808C0 /* ofxSlider.cpp in Sources */ = {isa = PBXBuildFile; fileRef = A8120F4D1BBD86CB003808C0 /* ofxSlider.cpp */; settings = {ASSET_TAGS = (); }; };
		A8120F591BBD86CB003808C0 /* ofxSliderGroup.cpp in Sources */ = {isa = PBXBuildFile; fileRef = A8120F4F1BBD86CB003808C0 /* ofxSliderGroup.cpp */; settings = {ASSET_TAGS = (); }; };
		A8120F5A1BBD86CB003808C0 /* ofxToggle.cpp in Sources */ = {isa = PBXBuildFile; fileRef = A8120F511BBD86CB003808C0 /* ofxToggle.cpp */; settings = {ASSET_TAGS = (); }; };
		A85DD5EF1BC66FCC008D89EB /* GuiApp.cpp in Sources */ = {isa = PBXBuildFile; fileRef = A85DD5ED1BC66FCC008D89EB /* GuiApp.cpp */; settings = {ASSET_TAGS = (); }; };
		A85DD5F21BC66FE1008D89EB /* BaseArch.cpp in Sources */ = {isa = PBXBuildFile; fileRef = A85DD5F01BC66FE1008D89EB /* BaseArch.cpp */; settings = {ASSET_TAGS = (); }; };
		A85DD5F71BC6706D008D89EB /* ofxCsv.cpp in Sources */ = {isa = PBXBuildFile; fileRef = A85DD5F31BC6706D008D89EB /* ofxCsv.cpp */; settings = {ASSET_TAGS = (); }; };
		A8C121781BD1033300D66B20 /* fontstash.c in Sources */ = {isa = PBXBuildFile; fileRef = A8C121511BD1033300D66B20 /* fontstash.c */; settings = {ASSET_TAGS = (); }; };
		A8C121791BD1033300D66B20 /* stb_truetype.c in Sources */ = {isa = PBXBuildFile; fileRef = A8C121531BD1033300D66B20 /* stb_truetype.c */; settings = {ASSET_TAGS = (); }; };
		A8C1217B1BD1033300D66B20 /* ofxFontStash.cpp in Sources */ = {isa = PBXBuildFile; fileRef = A8C121581BD1033300D66B20 /* ofxFontStash.cpp */; settings = {ASSET_TAGS = (); }; };
		A8C1217C1BD1033300D66B20 /* ofTextConverter.cpp in Sources */ = {isa = PBXBuildFile; fileRef = A8C121701BD1033300D66B20 /* ofTextConverter.cpp */; settings = {ASSET_TAGS = (); }; };
		A8C1217D1BD1033300D66B20 /* ofUnicode.cpp in Sources */ = {isa = PBXBuildFile; fileRef = A8C121721BD1033300D66B20 /* ofUnicode.cpp */; settings = {ASSET_TAGS = (); }; };
		A8C1217E1BD1033300D66B20 /* ofUTF8.cpp in Sources */ = {isa = PBXBuildFile; fileRef = A8C121741BD1033300D66B20 /* ofUTF8.cpp */; settings = {ASSET_TAGS = (); }; };
		A8D262BE1BC84D57006750C1 /* ofxFirstPersonCamera.cpp in Sources */ = {isa = PBXBuildFile; fileRef = A8D262B61BC84D57006750C1 /* ofxFirstPersonCamera.cpp */; settings = {ASSET_TAGS = (); }; };
		A8D262BF1BC84D57006750C1 /* ofxImmediateModeInput.cpp in Sources */ = {isa = PBXBuildFile; fileRef = A8D262BA1BC84D57006750C1 /* ofxImmediateModeInput.cpp */; settings = {ASSET_TAGS = (); }; };
		E4328149138ABC9F0047C5CB /* openFrameworksDebug.a in Frameworks */ = {isa = PBXBuildFile; fileRef = E4328148138ABC890047C5CB /* openFrameworksDebug.a */; };
		E4B69E200A3A1BDC003C02F2 /* main.cpp in Sources */ = {isa = PBXBuildFile; fileRef = E4B69E1D0A3A1BDC003C02F2 /* main.cpp */; };
		E4B69E210A3A1BDC003C02F2 /* ofApp.cpp in Sources */ = {isa = PBXBuildFile; fileRef = E4B69E1E0A3A1BDC003C02F2 /* ofApp.cpp */; };
/* End PBXBuildFile section */

/* Begin PBXContainerItemProxy section */
		E4328147138ABC890047C5CB /* PBXContainerItemProxy */ = {
			isa = PBXContainerItemProxy;
			containerPortal = E4328143138ABC890047C5CB /* openFrameworksLib.xcodeproj */;
			proxyType = 2;
			remoteGlobalIDString = E4B27C1510CBEB8E00536013;
			remoteInfo = openFrameworks;
		};
		E4EEB9AB138B136A00A80321 /* PBXContainerItemProxy */ = {
			isa = PBXContainerItemProxy;
			containerPortal = E4328143138ABC890047C5CB /* openFrameworksLib.xcodeproj */;
			proxyType = 1;
			remoteGlobalIDString = E4B27C1410CBEB8E00536013;
			remoteInfo = openFrameworks;
		};
/* End PBXContainerItemProxy section */

/* Begin PBXCopyFilesBuildPhase section */
		E4C2427710CC5ABF004149E2 /* CopyFiles */ = {
			isa = PBXCopyFilesBuildPhase;
			buildActionMask = 2147483647;
			dstPath = "";
			dstSubfolderSpec = 10;
			files = (
			);
			runOnlyForDeploymentPostprocessing = 0;
		};
/* End PBXCopyFilesBuildPhase section */

/* Begin PBXFileReference section */
		0056DDC2FB9237571507BB0E /* JsonLoader.cpp */ = {isa = PBXFileReference; explicitFileType = sourcecode.cpp.cpp; fileEncoding = 30; name = JsonLoader.cpp; path = src/JsonLoader.cpp; sourceTree = SOURCE_ROOT; };
		081473F8EA3EB8A9C41C0FBE /* ofxJSONElement.cpp */ = {isa = PBXFileReference; explicitFileType = sourcecode.cpp.cpp; fileEncoding = 30; name = ofxJSONElement.cpp; path = ../../../../openFrameworks/addons/ofxJSON/src/ofxJSONElement.cpp; sourceTree = SOURCE_ROOT; };
		0A11AF00667CE72348E900E3 /* ofxJSON.h */ = {isa = PBXFileReference; explicitFileType = sourcecode.c.h; fileEncoding = 30; name = ofxJSON.h; path = ../../../../openFrameworks/addons/ofxJSON/src/ofxJSON.h; sourceTree = SOURCE_ROOT; };
		237729339D5EF17DBD3754C6 /* FeatureCollectionNode.cpp */ = {isa = PBXFileReference; explicitFileType = sourcecode.cpp.cpp; fileEncoding = 30; name = FeatureCollectionNode.cpp; path = src/FeatureCollectionNode.cpp; sourceTree = SOURCE_ROOT; };
		3FC89B5D651474EC6F01F201 /* JsonLoader.h */ = {isa = PBXFileReference; explicitFileType = sourcecode.c.h; fileEncoding = 30; name = JsonLoader.h; path = src/JsonLoader.h; sourceTree = SOURCE_ROOT; };
		55DC968FAFA3B99AA9E1D758 /* FeatureLeafNode.h */ = {isa = PBXFileReference; explicitFileType = sourcecode.c.h; fileEncoding = 30; name = FeatureLeafNode.h; path = src/FeatureLeafNode.h; sourceTree = SOURCE_ROOT; };
		684C4A6525DAC1BF8D7DFEEF /* jsoncpp.cpp */ = {isa = PBXFileReference; explicitFileType = sourcecode.cpp.cpp; fileEncoding = 30; name = jsoncpp.cpp; path = ../../../../openFrameworks/addons/ofxJSON/libs/jsoncpp/src/jsoncpp.cpp; sourceTree = SOURCE_ROOT; };
		816AD209BB96C6B23CCD47EF /* ofxJSONElement.h */ = {isa = PBXFileReference; explicitFileType = sourcecode.c.h; fileEncoding = 30; name = ofxJSONElement.h; path = ../../../../openFrameworks/addons/ofxJSON/src/ofxJSONElement.h; sourceTree = SOURCE_ROOT; };
		8C0C738EAA20D82EA41BE976 /* json.h */ = {isa = PBXFileReference; explicitFileType = sourcecode.c.h; fileEncoding = 30; name = json.h; path = ../../../../openFrameworks/addons/ofxJSON/libs/jsoncpp/include/json/json.h; sourceTree = SOURCE_ROOT; };
		A4ED34B32682515AE752ECDB /* FeatureNode.h */ = {isa = PBXFileReference; explicitFileType = sourcecode.c.h; fileEncoding = 30; name = FeatureNode.h; path = src/FeatureNode.h; sourceTree = SOURCE_ROOT; };
		A8120F221BBD83BD003808C0 /* homography.h */ = {isa = PBXFileReference; fileEncoding = 4; lastKnownFileType = sourcecode.c.h; path = homography.h; sourceTree = "<group>"; };
		A8120F231BBD83BD003808C0 /* ofxQuad.cpp */ = {isa = PBXFileReference; fileEncoding = 4; lastKnownFileType = sourcecode.cpp.cpp; path = ofxQuad.cpp; sourceTree = "<group>"; };
		A8120F241BBD83BD003808C0 /* ofxQuad.h */ = {isa = PBXFileReference; fileEncoding = 4; lastKnownFileType = sourcecode.c.h; path = ofxQuad.h; sourceTree = "<group>"; };
		A8120F251BBD83BD003808C0 /* ofxQuadManager.cpp */ = {isa = PBXFileReference; fileEncoding = 4; lastKnownFileType = sourcecode.cpp.cpp; path = ofxQuadManager.cpp; sourceTree = "<group>"; };
		A8120F261BBD83BD003808C0 /* ofxQuadManager.h */ = {isa = PBXFileReference; fileEncoding = 4; lastKnownFileType = sourcecode.c.h; path = ofxQuadManager.h; sourceTree = "<group>"; };
		A8120F271BBD83BD003808C0 /* ofxQuadSource.cpp */ = {isa = PBXFileReference; fileEncoding = 4; lastKnownFileType = sourcecode.cpp.cpp; path = ofxQuadSource.cpp; sourceTree = "<group>"; };
		A8120F281BBD83BD003808C0 /* ofxQuadSource.h */ = {isa = PBXFileReference; fileEncoding = 4; lastKnownFileType = sourcecode.c.h; path = ofxQuadSource.h; sourceTree = "<group>"; };
		A8120F291BBD83BD003808C0 /* ofxQuadSourceImage.cpp */ = {isa = PBXFileReference; fileEncoding = 4; lastKnownFileType = sourcecode.cpp.cpp; path = ofxQuadSourceImage.cpp; sourceTree = "<group>"; };
		A8120F2A1BBD83BD003808C0 /* ofxQuadSourceImage.h */ = {isa = PBXFileReference; fileEncoding = 4; lastKnownFileType = sourcecode.c.h; path = ofxQuadSourceImage.h; sourceTree = "<group>"; };
		A8120F2B1BBD83BD003808C0 /* ofxQuadSourceVideo.cpp */ = {isa = PBXFileReference; fileEncoding = 4; lastKnownFileType = sourcecode.cpp.cpp; path = ofxQuadSourceVideo.cpp; sourceTree = "<group>"; };
		A8120F2C1BBD83BD003808C0 /* ofxQuadSourceVideo.h */ = {isa = PBXFileReference; fileEncoding = 4; lastKnownFileType = sourcecode.c.h; path = ofxQuadSourceVideo.h; sourceTree = "<group>"; };
		A8120F421BBD86CB003808C0 /* ofxBaseGui.cpp */ = {isa = PBXFileReference; fileEncoding = 4; lastKnownFileType = sourcecode.cpp.cpp; path = ofxBaseGui.cpp; sourceTree = "<group>"; };
		A8120F431BBD86CB003808C0 /* ofxBaseGui.h */ = {isa = PBXFileReference; fileEncoding = 4; lastKnownFileType = sourcecode.c.h; path = ofxBaseGui.h; sourceTree = "<group>"; };
		A8120F441BBD86CB003808C0 /* ofxButton.cpp */ = {isa = PBXFileReference; fileEncoding = 4; lastKnownFileType = sourcecode.cpp.cpp; path = ofxButton.cpp; sourceTree = "<group>"; };
		A8120F451BBD86CB003808C0 /* ofxButton.h */ = {isa = PBXFileReference; fileEncoding = 4; lastKnownFileType = sourcecode.c.h; path = ofxButton.h; sourceTree = "<group>"; };
		A8120F461BBD86CB003808C0 /* ofxGui.h */ = {isa = PBXFileReference; fileEncoding = 4; lastKnownFileType = sourcecode.c.h; path = ofxGui.h; sourceTree = "<group>"; };
		A8120F471BBD86CB003808C0 /* ofxGuiGroup.cpp */ = {isa = PBXFileReference; fileEncoding = 4; lastKnownFileType = sourcecode.cpp.cpp; path = ofxGuiGroup.cpp; sourceTree = "<group>"; };
		A8120F481BBD86CB003808C0 /* ofxGuiGroup.h */ = {isa = PBXFileReference; fileEncoding = 4; lastKnownFileType = sourcecode.c.h; path = ofxGuiGroup.h; sourceTree = "<group>"; };
		A8120F491BBD86CB003808C0 /* ofxLabel.cpp */ = {isa = PBXFileReference; fileEncoding = 4; lastKnownFileType = sourcecode.cpp.cpp; path = ofxLabel.cpp; sourceTree = "<group>"; };
		A8120F4A1BBD86CB003808C0 /* ofxLabel.h */ = {isa = PBXFileReference; fileEncoding = 4; lastKnownFileType = sourcecode.c.h; path = ofxLabel.h; sourceTree = "<group>"; };
		A8120F4B1BBD86CB003808C0 /* ofxPanel.cpp */ = {isa = PBXFileReference; fileEncoding = 4; lastKnownFileType = sourcecode.cpp.cpp; path = ofxPanel.cpp; sourceTree = "<group>"; };
		A8120F4C1BBD86CB003808C0 /* ofxPanel.h */ = {isa = PBXFileReference; fileEncoding = 4; lastKnownFileType = sourcecode.c.h; path = ofxPanel.h; sourceTree = "<group>"; };
		A8120F4D1BBD86CB003808C0 /* ofxSlider.cpp */ = {isa = PBXFileReference; fileEncoding = 4; lastKnownFileType = sourcecode.cpp.cpp; path = ofxSlider.cpp; sourceTree = "<group>"; };
		A8120F4E1BBD86CB003808C0 /* ofxSlider.h */ = {isa = PBXFileReference; fileEncoding = 4; lastKnownFileType = sourcecode.c.h; path = ofxSlider.h; sourceTree = "<group>"; };
		A8120F4F1BBD86CB003808C0 /* ofxSliderGroup.cpp */ = {isa = PBXFileReference; fileEncoding = 4; lastKnownFileType = sourcecode.cpp.cpp; path = ofxSliderGroup.cpp; sourceTree = "<group>"; };
		A8120F501BBD86CB003808C0 /* ofxSliderGroup.h */ = {isa = PBXFileReference; fileEncoding = 4; lastKnownFileType = sourcecode.c.h; path = ofxSliderGroup.h; sourceTree = "<group>"; };
		A8120F511BBD86CB003808C0 /* ofxToggle.cpp */ = {isa = PBXFileReference; fileEncoding = 4; lastKnownFileType = sourcecode.cpp.cpp; path = ofxToggle.cpp; sourceTree = "<group>"; };
		A8120F521BBD86CB003808C0 /* ofxToggle.h */ = {isa = PBXFileReference; fileEncoding = 4; lastKnownFileType = sourcecode.c.h; path = ofxToggle.h; sourceTree = "<group>"; };
		A85DD5ED1BC66FCC008D89EB /* GuiApp.cpp */ = {isa = PBXFileReference; explicitFileType = sourcecode.cpp.cpp; fileEncoding = 4; name = GuiApp.cpp; path = ../../bpii_Calibration/src/GuiApp.cpp; sourceTree = "<group>"; };
		A85DD5EE1BC66FCC008D89EB /* GuiApp.h */ = {isa = PBXFileReference; explicitFileType = sourcecode.c.h; fileEncoding = 4; name = GuiApp.h; path = ../../bpii_Calibration/src/GuiApp.h; sourceTree = "<group>"; };
		A85DD5F01BC66FE1008D89EB /* BaseArch.cpp */ = {isa = PBXFileReference; explicitFileType = sourcecode.cpp.cpp; fileEncoding = 4; name = BaseArch.cpp; path = ../../bpii_Calibration/src/BaseArch.cpp; sourceTree = "<group>"; };
		A85DD5F11BC66FE1008D89EB /* BaseArch.h */ = {isa = PBXFileReference; explicitFileType = sourcecode.c.h; fileEncoding = 4; name = BaseArch.h; path = ../../bpii_Calibration/src/BaseArch.h; sourceTree = "<group>"; };
		A85DD5F31BC6706D008D89EB /* ofxCsv.cpp */ = {isa = PBXFileReference; explicitFileType = sourcecode.cpp.cpp; fileEncoding = 4; name = ofxCsv.cpp; path = ../../../../openFrameworks/addons/ofxCsv/src/ofxCsv.cpp; sourceTree = "<group>"; };
		A85DD5F41BC6706D008D89EB /* ofxCsv.h */ = {isa = PBXFileReference; explicitFileType = sourcecode.c.h; fileEncoding = 4; name = ofxCsv.h; path = ../../../../openFrameworks/addons/ofxCsv/src/ofxCsv.h; sourceTree = "<group>"; };
		A8C121511BD1033300D66B20 /* fontstash.c */ = {isa = PBXFileReference; fileEncoding = 4; lastKnownFileType = sourcecode.c.c; path = fontstash.c; sourceTree = "<group>"; };
		A8C121521BD1033300D66B20 /* fontstash.h */ = {isa = PBXFileReference; fileEncoding = 4; lastKnownFileType = sourcecode.c.h; path = fontstash.h; sourceTree = "<group>"; };
		A8C121531BD1033300D66B20 /* stb_truetype.c */ = {isa = PBXFileReference; fileEncoding = 4; lastKnownFileType = sourcecode.c.c; path = stb_truetype.c; sourceTree = "<group>"; };
		A8C121541BD1033300D66B20 /* stb_truetype.h */ = {isa = PBXFileReference; fileEncoding = 4; lastKnownFileType = sourcecode.c.h; path = stb_truetype.h; sourceTree = "<group>"; };
		A8C121581BD1033300D66B20 /* ofxFontStash.cpp */ = {isa = PBXFileReference; fileEncoding = 4; lastKnownFileType = sourcecode.cpp.cpp; path = ofxFontStash.cpp; sourceTree = "<group>"; };
		A8C121591BD1033300D66B20 /* ofxFontStash.h */ = {isa = PBXFileReference; fileEncoding = 4; lastKnownFileType = sourcecode.c.h; path = ofxFontStash.h; sourceTree = "<group>"; };
		A8C121601BD1033300D66B20 /* checked.h */ = {isa = PBXFileReference; fileEncoding = 4; lastKnownFileType = sourcecode.c.h; path = checked.h; sourceTree = "<group>"; };
		A8C121611BD1033300D66B20 /* core.h */ = {isa = PBXFileReference; fileEncoding = 4; lastKnownFileType = sourcecode.c.h; path = core.h; sourceTree = "<group>"; };
		A8C121621BD1033300D66B20 /* unchecked.h */ = {isa = PBXFileReference; fileEncoding = 4; lastKnownFileType = sourcecode.c.h; path = unchecked.h; sourceTree = "<group>"; };
		A8C121631BD1033300D66B20 /* utf8.h */ = {isa = PBXFileReference; fileEncoding = 4; lastKnownFileType = sourcecode.c.h; path = utf8.h; sourceTree = "<group>"; };
		A8C121671BD1033300D66B20 /* ReleaseNotes */ = {isa = PBXFileReference; fileEncoding = 4; lastKnownFileType = text; path = ReleaseNotes; sourceTree = "<group>"; };
		A8C121681BD1033300D66B20 /* utf8cpp.html */ = {isa = PBXFileReference; fileEncoding = 4; lastKnownFileType = text.html; path = utf8cpp.html; sourceTree = "<group>"; };
		A8C1216B1BD1033300D66B20 /* checked.h */ = {isa = PBXFileReference; fileEncoding = 4; lastKnownFileType = sourcecode.c.h; path = checked.h; sourceTree = "<group>"; };
		A8C1216C1BD1033300D66B20 /* core.h */ = {isa = PBXFileReference; fileEncoding = 4; lastKnownFileType = sourcecode.c.h; path = core.h; sourceTree = "<group>"; };
		A8C1216D1BD1033300D66B20 /* unchecked.h */ = {isa = PBXFileReference; fileEncoding = 4; lastKnownFileType = sourcecode.c.h; path = unchecked.h; sourceTree = "<group>"; };
		A8C1216E1BD1033300D66B20 /* utf8.h */ = {isa = PBXFileReference; fileEncoding = 4; lastKnownFileType = sourcecode.c.h; path = utf8.h; sourceTree = "<group>"; };
		A8C121701BD1033300D66B20 /* ofTextConverter.cpp */ = {isa = PBXFileReference; fileEncoding = 4; lastKnownFileType = sourcecode.cpp.cpp; path = ofTextConverter.cpp; sourceTree = "<group>"; };
		A8C121711BD1033300D66B20 /* ofTextConverter.h */ = {isa = PBXFileReference; fileEncoding = 4; lastKnownFileType = sourcecode.c.h; path = ofTextConverter.h; sourceTree = "<group>"; };
		A8C121721BD1033300D66B20 /* ofUnicode.cpp */ = {isa = PBXFileReference; fileEncoding = 4; lastKnownFileType = sourcecode.cpp.cpp; path = ofUnicode.cpp; sourceTree = "<group>"; };
		A8C121731BD1033300D66B20 /* ofUnicode.h */ = {isa = PBXFileReference; fileEncoding = 4; lastKnownFileType = sourcecode.c.h; path = ofUnicode.h; sourceTree = "<group>"; };
		A8C121741BD1033300D66B20 /* ofUTF8.cpp */ = {isa = PBXFileReference; fileEncoding = 4; lastKnownFileType = sourcecode.cpp.cpp; path = ofUTF8.cpp; sourceTree = "<group>"; };
		A8C121751BD1033300D66B20 /* ofUTF8.h */ = {isa = PBXFileReference; fileEncoding = 4; lastKnownFileType = sourcecode.c.h; path = ofUTF8.h; sourceTree = "<group>"; };
		A8D262B61BC84D57006750C1 /* ofxFirstPersonCamera.cpp */ = {isa = PBXFileReference; explicitFileType = sourcecode.cpp.cpp; fileEncoding = 4; name = ofxFirstPersonCamera.cpp; path = ../../../../openFrameworks/addons/ofxFirstPersonCamera/src/ofxFirstPersonCamera.cpp; sourceTree = "<group>"; };
		A8D262B71BC84D57006750C1 /* ofxFirstPersonCamera.h */ = {isa = PBXFileReference; explicitFileType = sourcecode.c.h; fileEncoding = 4; name = ofxFirstPersonCamera.h; path = ../../../../openFrameworks/addons/ofxFirstPersonCamera/src/ofxFirstPersonCamera.h; sourceTree = "<group>"; };
		A8D262BA1BC84D57006750C1 /* ofxImmediateModeInput.cpp */ = {isa = PBXFileReference; explicitFileType = sourcecode.cpp.cpp; fileEncoding = 4; name = ofxImmediateModeInput.cpp; path = ../../../../openFrameworks/addons/ofxImmediateModeInput/src/ofxImmediateModeInput.cpp; sourceTree = "<group>"; };
		A8D262BB1BC84D57006750C1 /* ofxImmediateModeInput.h */ = {isa = PBXFileReference; explicitFileType = sourcecode.c.h; fileEncoding = 4; name = ofxImmediateModeInput.h; path = ../../../../openFrameworks/addons/ofxImmediateModeInput/src/ofxImmediateModeInput.h; sourceTree = "<group>"; };
		A94853AB33FE91A7200C1349 /* FeatureCollectionNode.h */ = {isa = PBXFileReference; explicitFileType = sourcecode.c.h; fileEncoding = 30; name = FeatureCollectionNode.h; path = src/FeatureCollectionNode.h; sourceTree = SOURCE_ROOT; };
		BDC3EB0AEE46369A27A2E74A /* json-forwards.h */ = {isa = PBXFileReference; explicitFileType = sourcecode.c.h; fileEncoding = 30; name = "json-forwards.h"; path = "../../../../openFrameworks/addons/ofxJSON/libs/jsoncpp/include/json/json-forwards.h"; sourceTree = SOURCE_ROOT; };
		DF47B7485B5CD5D2E2B93E7D /* FeatureNode.cpp */ = {isa = PBXFileReference; explicitFileType = sourcecode.cpp.cpp; fileEncoding = 30; name = FeatureNode.cpp; path = src/FeatureNode.cpp; sourceTree = SOURCE_ROOT; };
		E4328143138ABC890047C5CB /* openFrameworksLib.xcodeproj */ = {isa = PBXFileReference; lastKnownFileType = "wrapper.pb-project"; name = openFrameworksLib.xcodeproj; path = ../../../../openFrameworks/libs/openFrameworksCompiled/project/osx/openFrameworksLib.xcodeproj; sourceTree = SOURCE_ROOT; };
		E4B69B5B0A3A1756003C02F2 /* CubicMapFlyingDebug.app */ = {isa = PBXFileReference; explicitFileType = wrapper.application; includeInIndex = 0; path = CubicMapFlyingDebug.app; sourceTree = BUILT_PRODUCTS_DIR; };
		E4B69E1D0A3A1BDC003C02F2 /* main.cpp */ = {isa = PBXFileReference; fileEncoding = 30; lastKnownFileType = sourcecode.cpp.cpp; name = main.cpp; path = src/main.cpp; sourceTree = SOURCE_ROOT; };
		E4B69E1E0A3A1BDC003C02F2 /* ofApp.cpp */ = {isa = PBXFileReference; explicitFileType = sourcecode.cpp.cpp; fileEncoding = 30; name = ofApp.cpp; path = src/ofApp.cpp; sourceTree = SOURCE_ROOT; };
		E4B69E1F0A3A1BDC003C02F2 /* ofApp.h */ = {isa = PBXFileReference; fileEncoding = 30; lastKnownFileType = sourcecode.c.h; name = ofApp.h; path = src/ofApp.h; sourceTree = SOURCE_ROOT; };
		E4B6FCAD0C3E899E008CF71C /* openFrameworks-Info.plist */ = {isa = PBXFileReference; fileEncoding = 30; lastKnownFileType = text.plist.xml; path = "openFrameworks-Info.plist"; sourceTree = "<group>"; };
		E4EB691F138AFCF100A09F29 /* CoreOF.xcconfig */ = {isa = PBXFileReference; fileEncoding = 4; lastKnownFileType = text.xcconfig; name = CoreOF.xcconfig; path = ../../../../openFrameworks/libs/openFrameworksCompiled/project/osx/CoreOF.xcconfig; sourceTree = SOURCE_ROOT; };
		E4EB6923138AFD0F00A09F29 /* Project.xcconfig */ = {isa = PBXFileReference; fileEncoding = 4; lastKnownFileType = text.xcconfig; path = Project.xcconfig; sourceTree = "<group>"; };
		F386EF4AEFB25D1DFAE032B6 /* FeatureLeafNode.cpp */ = {isa = PBXFileReference; explicitFileType = sourcecode.cpp.cpp; fileEncoding = 30; name = FeatureLeafNode.cpp; path = src/FeatureLeafNode.cpp; sourceTree = SOURCE_ROOT; };
/* End PBXFileReference section */

/* Begin PBXFrameworksBuildPhase section */
		E4B69B590A3A1756003C02F2 /* Frameworks */ = {
			isa = PBXFrameworksBuildPhase;
			buildActionMask = 2147483647;
			files = (
				E4328149138ABC9F0047C5CB /* openFrameworksDebug.a in Frameworks */,
			);
			runOnlyForDeploymentPostprocessing = 0;
		};
/* End PBXFrameworksBuildPhase section */

/* Begin PBXGroup section */
		2865DAEF86B1907A704CA70B /* ofxJSON */ = {
			isa = PBXGroup;
			children = (
				292AF6148769654D0DF26018 /* src */,
				F40E80CB2D443CBA9581DD03 /* libs */,
			);
			name = ofxJSON;
			sourceTree = "<group>";
		};
		292AF6148769654D0DF26018 /* src */ = {
			isa = PBXGroup;
			children = (
				0A11AF00667CE72348E900E3 /* ofxJSON.h */,
				081473F8EA3EB8A9C41C0FBE /* ofxJSONElement.cpp */,
				816AD209BB96C6B23CCD47EF /* ofxJSONElement.h */,
			);
			name = src;
			sourceTree = "<group>";
		};
		58AD3BD71B781D9BC25763C8 /* json */ = {
			isa = PBXGroup;
			children = (
				BDC3EB0AEE46369A27A2E74A /* json-forwards.h */,
				8C0C738EAA20D82EA41BE976 /* json.h */,
			);
			name = json;
			sourceTree = "<group>";
		};
		6948EE371B920CB800B5AC1A /* local_addons */ = {
			isa = PBXGroup;
			children = (
			);
			name = local_addons;
			sourceTree = "<group>";
		};
		977A836DD2C489CCC5E330FF /* jsoncpp */ = {
			isa = PBXGroup;
			children = (
				D486FC87F063317BB47E9FAC /* include */,
				CCDC6F9CCF925CC402160B85 /* src */,
			);
			name = jsoncpp;
			sourceTree = "<group>";
		};
		A8120EF31BBD83BD003808C0 /* ofxVideoMapping */ = {
			isa = PBXGroup;
			children = (
				A8120F211BBD83BD003808C0 /* src */,
			);
			name = ofxVideoMapping;
			path = ../../../../openFrameworks/addons/ofxVideoMapping;
			sourceTree = "<group>";
		};
		A8120F211BBD83BD003808C0 /* src */ = {
			isa = PBXGroup;
			children = (
				A8120F221BBD83BD003808C0 /* homography.h */,
				A8120F231BBD83BD003808C0 /* ofxQuad.cpp */,
				A8120F241BBD83BD003808C0 /* ofxQuad.h */,
				A8120F251BBD83BD003808C0 /* ofxQuadManager.cpp */,
				A8120F261BBD83BD003808C0 /* ofxQuadManager.h */,
				A8120F271BBD83BD003808C0 /* ofxQuadSource.cpp */,
				A8120F281BBD83BD003808C0 /* ofxQuadSource.h */,
				A8120F291BBD83BD003808C0 /* ofxQuadSourceImage.cpp */,
				A8120F2A1BBD83BD003808C0 /* ofxQuadSourceImage.h */,
				A8120F2B1BBD83BD003808C0 /* ofxQuadSourceVideo.cpp */,
				A8120F2C1BBD83BD003808C0 /* ofxQuadSourceVideo.h */,
			);
			path = src;
			sourceTree = "<group>";
		};
		A8120F401BBD86CB003808C0 /* ofxGui */ = {
			isa = PBXGroup;
			children = (
				A8120F411BBD86CB003808C0 /* src */,
			);
			name = ofxGui;
			path = ../../../../openFrameworks/addons/ofxGui;
			sourceTree = "<group>";
		};
		A8120F411BBD86CB003808C0 /* src */ = {
			isa = PBXGroup;
			children = (
				A8120F421BBD86CB003808C0 /* ofxBaseGui.cpp */,
				A8120F431BBD86CB003808C0 /* ofxBaseGui.h */,
				A8120F441BBD86CB003808C0 /* ofxButton.cpp */,
				A8120F451BBD86CB003808C0 /* ofxButton.h */,
				A8120F461BBD86CB003808C0 /* ofxGui.h */,
				A8120F471BBD86CB003808C0 /* ofxGuiGroup.cpp */,
				A8120F481BBD86CB003808C0 /* ofxGuiGroup.h */,
				A8120F491BBD86CB003808C0 /* ofxLabel.cpp */,
				A8120F4A1BBD86CB003808C0 /* ofxLabel.h */,
				A8120F4B1BBD86CB003808C0 /* ofxPanel.cpp */,
				A8120F4C1BBD86CB003808C0 /* ofxPanel.h */,
				A8120F4D1BBD86CB003808C0 /* ofxSlider.cpp */,
				A8120F4E1BBD86CB003808C0 /* ofxSlider.h */,
				A8120F4F1BBD86CB003808C0 /* ofxSliderGroup.cpp */,
				A8120F501BBD86CB003808C0 /* ofxSliderGroup.h */,
				A8120F511BBD86CB003808C0 /* ofxToggle.cpp */,
				A8120F521BBD86CB003808C0 /* ofxToggle.h */,
			);
			path = src;
			sourceTree = "<group>";
		};
		A85DD5F51BC6706D008D89EB /* src */ = {
			isa = PBXGroup;
			children = (
				A85DD5F31BC6706D008D89EB /* ofxCsv.cpp */,
				A85DD5F41BC6706D008D89EB /* ofxCsv.h */,
			);
			name = src;
			sourceTree = "<group>";
		};
		A85DD5F61BC6706D008D89EB /* ofxCsv */ = {
			isa = PBXGroup;
			children = (
				A85DD5F51BC6706D008D89EB /* src */,
			);
			name = ofxCsv;
			path = ../bpii_Calibration;
			sourceTree = "<group>";
		};
		A8C1213C1BD1033200D66B20 /* ofxFontStash */ = {
			isa = PBXGroup;
			children = (
				A8C1214E1BD1033300D66B20 /* libs */,
				A8C121571BD1033300D66B20 /* src */,
			);
			name = ofxFontStash;
			path = ../../../../openFrameworks/addons/ofxFontStash;
			sourceTree = "<group>";
		};
		A8C1214E1BD1033300D66B20 /* libs */ = {
			isa = PBXGroup;
			children = (
				A8C1214F1BD1033300D66B20 /* fontstash */,
			);
			path = libs;
			sourceTree = "<group>";
		};
		A8C1214F1BD1033300D66B20 /* fontstash */ = {
			isa = PBXGroup;
			children = (
				A8C121501BD1033300D66B20 /* src */,
			);
			path = fontstash;
			sourceTree = "<group>";
		};
		A8C121501BD1033300D66B20 /* src */ = {
			isa = PBXGroup;
			children = (
				A8C121511BD1033300D66B20 /* fontstash.c */,
				A8C121521BD1033300D66B20 /* fontstash.h */,
				A8C121531BD1033300D66B20 /* stb_truetype.c */,
				A8C121541BD1033300D66B20 /* stb_truetype.h */,
			);
			path = src;
			sourceTree = "<group>";
		};
		A8C121571BD1033300D66B20 /* src */ = {
			isa = PBXGroup;
			children = (
				A8C121581BD1033300D66B20 /* ofxFontStash.cpp */,
				A8C121591BD1033300D66B20 /* ofxFontStash.h */,
			);
			path = src;
			sourceTree = "<group>";
		};
		A8C1215A1BD1033300D66B20 /* ofxUnicode */ = {
			isa = PBXGroup;
			children = (
				A8C1215C1BD1033300D66B20 /* libs */,
				A8C1216F1BD1033300D66B20 /* src */,
			);
			name = ofxUnicode;
			path = ../../../../openFrameworks/addons/ofxUnicode;
			sourceTree = "<group>";
		};
		A8C1215C1BD1033300D66B20 /* libs */ = {
			isa = PBXGroup;
			children = (
				A8C1215D1BD1033300D66B20 /* utf8cpp */,
			);
			path = libs;
			sourceTree = "<group>";
		};
		A8C1215D1BD1033300D66B20 /* utf8cpp */ = {
			isa = PBXGroup;
			children = (
				A8C1215E1BD1033300D66B20 /* include */,
				A8C121641BD1033300D66B20 /* src */,
			);
			path = utf8cpp;
			sourceTree = "<group>";
		};
		A8C1215E1BD1033300D66B20 /* include */ = {
			isa = PBXGroup;
			children = (
				A8C1215F1BD1033300D66B20 /* utf8 */,
				A8C121631BD1033300D66B20 /* utf8.h */,
			);
			path = include;
			sourceTree = "<group>";
		};
		A8C1215F1BD1033300D66B20 /* utf8 */ = {
			isa = PBXGroup;
			children = (
				A8C121601BD1033300D66B20 /* checked.h */,
				A8C121611BD1033300D66B20 /* core.h */,
				A8C121621BD1033300D66B20 /* unchecked.h */,
			);
			path = utf8;
			sourceTree = "<group>";
		};
		A8C121641BD1033300D66B20 /* src */ = {
			isa = PBXGroup;
			children = (
				A8C121651BD1033300D66B20 /* utf8_v2_3_1 */,
			);
			path = src;
			sourceTree = "<group>";
		};
		A8C121651BD1033300D66B20 /* utf8_v2_3_1 */ = {
			isa = PBXGroup;
			children = (
				A8C121661BD1033300D66B20 /* doc */,
				A8C121691BD1033300D66B20 /* source */,
			);
			path = utf8_v2_3_1;
			sourceTree = "<group>";
		};
		A8C121661BD1033300D66B20 /* doc */ = {
			isa = PBXGroup;
			children = (
				A8C121671BD1033300D66B20 /* ReleaseNotes */,
				A8C121681BD1033300D66B20 /* utf8cpp.html */,
			);
			path = doc;
			sourceTree = "<group>";
		};
		A8C121691BD1033300D66B20 /* source */ = {
			isa = PBXGroup;
			children = (
				A8C1216A1BD1033300D66B20 /* utf8 */,
				A8C1216E1BD1033300D66B20 /* utf8.h */,
			);
			path = source;
			sourceTree = "<group>";
		};
		A8C1216A1BD1033300D66B20 /* utf8 */ = {
			isa = PBXGroup;
			children = (
				A8C1216B1BD1033300D66B20 /* checked.h */,
				A8C1216C1BD1033300D66B20 /* core.h */,
				A8C1216D1BD1033300D66B20 /* unchecked.h */,
			);
			path = utf8;
			sourceTree = "<group>";
		};
		A8C1216F1BD1033300D66B20 /* src */ = {
			isa = PBXGroup;
			children = (
				A8C121701BD1033300D66B20 /* ofTextConverter.cpp */,
				A8C121711BD1033300D66B20 /* ofTextConverter.h */,
				A8C121721BD1033300D66B20 /* ofUnicode.cpp */,
				A8C121731BD1033300D66B20 /* ofUnicode.h */,
				A8C121741BD1033300D66B20 /* ofUTF8.cpp */,
				A8C121751BD1033300D66B20 /* ofUTF8.h */,
			);
			path = src;
			sourceTree = "<group>";
		};
		A8D262B81BC84D57006750C1 /* src */ = {
			isa = PBXGroup;
			children = (
				A8D262B61BC84D57006750C1 /* ofxFirstPersonCamera.cpp */,
				A8D262B71BC84D57006750C1 /* ofxFirstPersonCamera.h */,
			);
			name = src;
			sourceTree = "<group>";
		};
		A8D262B91BC84D57006750C1 /* ofxFirstPersonCamera */ = {
			isa = PBXGroup;
			children = (
				A8D262B81BC84D57006750C1 /* src */,
			);
			name = ofxFirstPersonCamera;
			path = ../FlyCam;
			sourceTree = "<group>";
		};
		A8D262BC1BC84D57006750C1 /* src */ = {
			isa = PBXGroup;
			children = (
				A8D262BA1BC84D57006750C1 /* ofxImmediateModeInput.cpp */,
				A8D262BB1BC84D57006750C1 /* ofxImmediateModeInput.h */,
			);
			name = src;
			sourceTree = "<group>";
		};
		A8D262BD1BC84D57006750C1 /* ofxImmediateModeInput */ = {
			isa = PBXGroup;
			children = (
				A8D262BC1BC84D57006750C1 /* src */,
			);
			name = ofxImmediateModeInput;
			path = ../FlyCam;
			sourceTree = "<group>";
		};
		BB4B014C10F69532006C3DED /* addons */ = {
			isa = PBXGroup;
			children = (
				A8C1213C1BD1033200D66B20 /* ofxFontStash */,
				A8C1215A1BD1033300D66B20 /* ofxUnicode */,
				A8D262B91BC84D57006750C1 /* ofxFirstPersonCamera */,
				A8D262BD1BC84D57006750C1 /* ofxImmediateModeInput */,
				A85DD5F61BC6706D008D89EB /* ofxCsv */,
				A8120F401BBD86CB003808C0 /* ofxGui */,
				A8120EF31BBD83BD003808C0 /* ofxVideoMapping */,
				2865DAEF86B1907A704CA70B /* ofxJSON */,
			);
			name = addons;
			sourceTree = "<group>";
		};
		CCDC6F9CCF925CC402160B85 /* src */ = {
			isa = PBXGroup;
			children = (
				684C4A6525DAC1BF8D7DFEEF /* jsoncpp.cpp */,
			);
			name = src;
			sourceTree = "<group>";
		};
		D486FC87F063317BB47E9FAC /* include */ = {
			isa = PBXGroup;
			children = (
				58AD3BD71B781D9BC25763C8 /* json */,
			);
			name = include;
			sourceTree = "<group>";
		};
		E4328144138ABC890047C5CB /* Products */ = {
			isa = PBXGroup;
			children = (
				E4328148138ABC890047C5CB /* openFrameworksDebug.a */,
			);
			name = Products;
			sourceTree = "<group>";
		};
		E4B69B4A0A3A1720003C02F2 = {
			isa = PBXGroup;
			children = (
				E4B6FCAD0C3E899E008CF71C /* openFrameworks-Info.plist */,
				E4EB6923138AFD0F00A09F29 /* Project.xcconfig */,
				E4B69E1C0A3A1BDC003C02F2 /* src */,
				E4EEC9E9138DF44700A80321 /* openFrameworks */,
				BB4B014C10F69532006C3DED /* addons */,
				6948EE371B920CB800B5AC1A /* local_addons */,
				E4B69B5B0A3A1756003C02F2 /* CubicMapFlyingDebug.app */,
			);
			sourceTree = "<group>";
		};
		E4B69E1C0A3A1BDC003C02F2 /* src */ = {
			isa = PBXGroup;
			children = (
				E4B69E1D0A3A1BDC003C02F2 /* main.cpp */,
				E4B69E1E0A3A1BDC003C02F2 /* ofApp.cpp */,
				E4B69E1F0A3A1BDC003C02F2 /* ofApp.h */,
				237729339D5EF17DBD3754C6 /* FeatureCollectionNode.cpp */,
				A94853AB33FE91A7200C1349 /* FeatureCollectionNode.h */,
				F386EF4AEFB25D1DFAE032B6 /* FeatureLeafNode.cpp */,
				55DC968FAFA3B99AA9E1D758 /* FeatureLeafNode.h */,
				DF47B7485B5CD5D2E2B93E7D /* FeatureNode.cpp */,
				A4ED34B32682515AE752ECDB /* FeatureNode.h */,
				0056DDC2FB9237571507BB0E /* JsonLoader.cpp */,
				3FC89B5D651474EC6F01F201 /* JsonLoader.h */,
				A85DD5F01BC66FE1008D89EB /* BaseArch.cpp */,
				A85DD5F11BC66FE1008D89EB /* BaseArch.h */,
				A85DD5ED1BC66FCC008D89EB /* GuiApp.cpp */,
				A85DD5EE1BC66FCC008D89EB /* GuiApp.h */,
			);
			path = src;
			sourceTree = SOURCE_ROOT;
		};
		E4EEC9E9138DF44700A80321 /* openFrameworks */ = {
			isa = PBXGroup;
			children = (
				E4EB691F138AFCF100A09F29 /* CoreOF.xcconfig */,
				E4328143138ABC890047C5CB /* openFrameworksLib.xcodeproj */,
			);
			name = openFrameworks;
			sourceTree = "<group>";
		};
		F40E80CB2D443CBA9581DD03 /* libs */ = {
			isa = PBXGroup;
			children = (
				977A836DD2C489CCC5E330FF /* jsoncpp */,
			);
			name = libs;
			sourceTree = "<group>";
		};
/* End PBXGroup section */

/* Begin PBXNativeTarget section */
		E4B69B5A0A3A1756003C02F2 /* CubicMapFlying */ = {
			isa = PBXNativeTarget;
			buildConfigurationList = E4B69B5F0A3A1757003C02F2 /* Build configuration list for PBXNativeTarget "CubicMapFlying" */;
			buildPhases = (
				E4B69B580A3A1756003C02F2 /* Sources */,
				E4B69B590A3A1756003C02F2 /* Frameworks */,
				E4B6FFFD0C3F9AB9008CF71C /* ShellScript */,
				E4C2427710CC5ABF004149E2 /* CopyFiles */,
			);
			buildRules = (
			);
			dependencies = (
				E4EEB9AC138B136A00A80321 /* PBXTargetDependency */,
			);
			name = CubicMapFlying;
			productName = myOFApp;
			productReference = E4B69B5B0A3A1756003C02F2 /* CubicMapFlyingDebug.app */;
			productType = "com.apple.product-type.application";
		};
/* End PBXNativeTarget section */

/* Begin PBXProject section */
		E4B69B4C0A3A1720003C02F2 /* Project object */ = {
			isa = PBXProject;
			attributes = {
				LastUpgradeCheck = 0600;
			};
			buildConfigurationList = E4B69B4D0A3A1720003C02F2 /* Build configuration list for PBXProject "CubicMapFlying" */;
			compatibilityVersion = "Xcode 3.2";
			developmentRegion = English;
			hasScannedForEncodings = 0;
			knownRegions = (
				English,
				Japanese,
				French,
				German,
			);
			mainGroup = E4B69B4A0A3A1720003C02F2;
			productRefGroup = E4B69B4A0A3A1720003C02F2;
			projectDirPath = "";
			projectReferences = (
				{
					ProductGroup = E4328144138ABC890047C5CB /* Products */;
					ProjectRef = E4328143138ABC890047C5CB /* openFrameworksLib.xcodeproj */;
				},
			);
			projectRoot = "";
			targets = (
				E4B69B5A0A3A1756003C02F2 /* CubicMapFlying */,
			);
		};
/* End PBXProject section */

/* Begin PBXReferenceProxy section */
		E4328148138ABC890047C5CB /* openFrameworksDebug.a */ = {
			isa = PBXReferenceProxy;
			fileType = archive.ar;
			path = openFrameworksDebug.a;
			remoteRef = E4328147138ABC890047C5CB /* PBXContainerItemProxy */;
			sourceTree = BUILT_PRODUCTS_DIR;
		};
/* End PBXReferenceProxy section */

/* Begin PBXShellScriptBuildPhase section */
		E4B6FFFD0C3F9AB9008CF71C /* ShellScript */ = {
			isa = PBXShellScriptBuildPhase;
			buildActionMask = 2147483647;
			files = (
			);
			inputPaths = (
			);
			outputPaths = (
			);
			runOnlyForDeploymentPostprocessing = 0;
			shellPath = /bin/sh;
			shellScript = "rsync -aved ../../../../openFrameworks/libs/fmodex/lib/osx/libfmodex.dylib \"$TARGET_BUILD_DIR/$PRODUCT_NAME.app/Contents/MacOS/\"; install_name_tool -change ./libfmodex.dylib @executable_path/libfmodex.dylib \"$TARGET_BUILD_DIR/$PRODUCT_NAME.app/Contents/MacOS/$PRODUCT_NAME\";\nmkdir -p \"$TARGET_BUILD_DIR/$PRODUCT_NAME.app/Contents/Resources/\"\nrsync -aved \"$ICON_FILE\" \"$TARGET_BUILD_DIR/$PRODUCT_NAME.app/Contents/Resources/\"\nrsync -aved ../../../../openFrameworks/libs/glut/lib/osx/GLUT.framework \"$TARGET_BUILD_DIR/$PRODUCT_NAME.app/Contents/Frameworks/\"\n";
		};
/* End PBXShellScriptBuildPhase section */

/* Begin PBXSourcesBuildPhase section */
		E4B69B580A3A1756003C02F2 /* Sources */ = {
			isa = PBXSourcesBuildPhase;
			buildActionMask = 2147483647;
			files = (
				A8120F591BBD86CB003808C0 /* ofxSliderGroup.cpp in Sources */,
				A8120F361BBD83BD003808C0 /* ofxQuadSource.cpp in Sources */,
				E4B69E200A3A1BDC003C02F2 /* main.cpp in Sources */,
				A8C121791BD1033300D66B20 /* stb_truetype.c in Sources */,
				A85DD5EF1BC66FCC008D89EB /* GuiApp.cpp in Sources */,
				A8120F351BBD83BD003808C0 /* ofxQuadManager.cpp in Sources */,
				A8C1217B1BD1033300D66B20 /* ofxFontStash.cpp in Sources */,
				E4B69E210A3A1BDC003C02F2 /* ofApp.cpp in Sources */,
				A8C1217E1BD1033300D66B20 /* ofUTF8.cpp in Sources */,
				A8120F541BBD86CB003808C0 /* ofxButton.cpp in Sources */,
				5C9CA4BFC796A8E17D387BAE /* FeatureCollectionNode.cpp in Sources */,
				A8120F341BBD83BD003808C0 /* ofxQuad.cpp in Sources */,
				A8120F5A1BBD86CB003808C0 /* ofxToggle.cpp in Sources */,
				A8D262BE1BC84D57006750C1 /* ofxFirstPersonCamera.cpp in Sources */,
				A8C1217D1BD1033300D66B20 /* ofUnicode.cpp in Sources */,
				A8120F381BBD83BD003808C0 /* ofxQuadSourceVideo.cpp in Sources */,
				A85DD5F21BC66FE1008D89EB /* BaseArch.cpp in Sources */,
				A85DD5F71BC6706D008D89EB /* ofxCsv.cpp in Sources */,
				A8C121781BD1033300D66B20 /* fontstash.c in Sources */,
				A8120F571BBD86CB003808C0 /* ofxPanel.cpp in Sources */,
				90EFE1B897A797B81ED960B9 /* FeatureLeafNode.cpp in Sources */,
				A8120F371BBD83BD003808C0 /* ofxQuadSourceImage.cpp in Sources */,
				63E4B28AF5F75CA2F87A0758 /* FeatureNode.cpp in Sources */,
				8F8887A353D20A912E989043 /* JsonLoader.cpp in Sources */,
				A8C1217C1BD1033300D66B20 /* ofTextConverter.cpp in Sources */,
				A8D262BF1BC84D57006750C1 /* ofxImmediateModeInput.cpp in Sources */,
				9455F3F777137963C1194F60 /* ofxJSONElement.cpp in Sources */,
				A8120F561BBD86CB003808C0 /* ofxLabel.cpp in Sources */,
				A8120F531BBD86CB003808C0 /* ofxBaseGui.cpp in Sources */,
				5CCFB2A36396A0511400C909 /* jsoncpp.cpp in Sources */,
				A8120F581BBD86CB003808C0 /* ofxSlider.cpp in Sources */,
				A8120F551BBD86CB003808C0 /* ofxGuiGroup.cpp in Sources */,
			);
			runOnlyForDeploymentPostprocessing = 0;
		};
/* End PBXSourcesBuildPhase section */

/* Begin PBXTargetDependency section */
		E4EEB9AC138B136A00A80321 /* PBXTargetDependency */ = {
			isa = PBXTargetDependency;
			name = openFrameworks;
			targetProxy = E4EEB9AB138B136A00A80321 /* PBXContainerItemProxy */;
		};
/* End PBXTargetDependency section */

/* Begin XCBuildConfiguration section */
		E4B69B4E0A3A1720003C02F2 /* Debug */ = {
			isa = XCBuildConfiguration;
			baseConfigurationReference = E4EB6923138AFD0F00A09F29 /* Project.xcconfig */;
			buildSettings = {
				CONFIGURATION_BUILD_DIR = "$(SRCROOT)/bin/";
				COPY_PHASE_STRIP = NO;
				DEAD_CODE_STRIPPING = YES;
				GCC_AUTO_VECTORIZATION = YES;
				GCC_ENABLE_SSE3_EXTENSIONS = YES;
				GCC_ENABLE_SUPPLEMENTAL_SSE3_INSTRUCTIONS = YES;
				GCC_INLINES_ARE_PRIVATE_EXTERN = NO;
				GCC_OPTIMIZATION_LEVEL = 0;
				GCC_SYMBOLS_PRIVATE_EXTERN = NO;
				GCC_WARN_ABOUT_DEPRECATED_FUNCTIONS = YES;
				GCC_WARN_ABOUT_INVALID_OFFSETOF_MACRO = NO;
				GCC_WARN_ALLOW_INCOMPLETE_PROTOCOL = NO;
				GCC_WARN_UNINITIALIZED_AUTOS = NO;
				GCC_WARN_UNUSED_VALUE = NO;
				GCC_WARN_UNUSED_VARIABLE = NO;
				HEADER_SEARCH_PATHS = (
					"$(OF_CORE_HEADERS)",
					src,
					../../../../openFrameworks/addons/ofxJSON/libs,
					../../../../openFrameworks/addons/ofxJSON/libs/jsoncpp,
					../../../../openFrameworks/addons/ofxJSON/libs/jsoncpp/include,
					../../../../openFrameworks/addons/ofxJSON/libs/jsoncpp/include/json,
					../../../../openFrameworks/addons/ofxJSON/libs/jsoncpp/src,
					../../../../openFrameworks/addons/ofxJSON/src,
				);
				MACOSX_DEPLOYMENT_TARGET = 10.8;
				ONLY_ACTIVE_ARCH = YES;
				OTHER_CPLUSPLUSFLAGS = (
					"-D__MACOSX_CORE__",
					"-mtune=native",
				);
				SDKROOT = macosx;
			};
			name = Debug;
		};
		E4B69B4F0A3A1720003C02F2 /* Release */ = {
			isa = XCBuildConfiguration;
			baseConfigurationReference = E4EB6923138AFD0F00A09F29 /* Project.xcconfig */;
			buildSettings = {
				CONFIGURATION_BUILD_DIR = "$(SRCROOT)/bin/";
				COPY_PHASE_STRIP = YES;
				DEAD_CODE_STRIPPING = YES;
				GCC_AUTO_VECTORIZATION = YES;
				GCC_ENABLE_SSE3_EXTENSIONS = YES;
				GCC_ENABLE_SUPPLEMENTAL_SSE3_INSTRUCTIONS = YES;
				GCC_INLINES_ARE_PRIVATE_EXTERN = NO;
				GCC_OPTIMIZATION_LEVEL = 3;
				GCC_SYMBOLS_PRIVATE_EXTERN = NO;
				GCC_UNROLL_LOOPS = YES;
				GCC_WARN_ABOUT_DEPRECATED_FUNCTIONS = YES;
				GCC_WARN_ABOUT_INVALID_OFFSETOF_MACRO = NO;
				GCC_WARN_ALLOW_INCOMPLETE_PROTOCOL = NO;
				GCC_WARN_UNINITIALIZED_AUTOS = NO;
				GCC_WARN_UNUSED_VALUE = NO;
				GCC_WARN_UNUSED_VARIABLE = NO;
				HEADER_SEARCH_PATHS = (
					"$(OF_CORE_HEADERS)",
					src,
					../../../../openFrameworks/addons/ofxJSON/libs,
					../../../../openFrameworks/addons/ofxJSON/libs/jsoncpp,
					../../../../openFrameworks/addons/ofxJSON/libs/jsoncpp/include,
					../../../../openFrameworks/addons/ofxJSON/libs/jsoncpp/include/json,
					../../../../openFrameworks/addons/ofxJSON/libs/jsoncpp/src,
					../../../../openFrameworks/addons/ofxJSON/src,
				);
				MACOSX_DEPLOYMENT_TARGET = 10.8;
				OTHER_CPLUSPLUSFLAGS = (
					"-D__MACOSX_CORE__",
					"-mtune=native",
				);
				SDKROOT = macosx;
			};
			name = Release;
		};
		E4B69B600A3A1757003C02F2 /* Debug */ = {
			isa = XCBuildConfiguration;
			baseConfigurationReference = E4EB6923138AFD0F00A09F29 /* Project.xcconfig */;
			buildSettings = {
				COMBINE_HIDPI_IMAGES = YES;
				COPY_PHASE_STRIP = NO;
				FRAMEWORK_SEARCH_PATHS = (
					"$(inherited)",
					"$(FRAMEWORK_SEARCH_PATHS_QUOTED_FOR_TARGET_1)",
				);
				FRAMEWORK_SEARCH_PATHS_QUOTED_FOR_TARGET_1 = "\"$(SRCROOT)/../../../../openFrameworks/libs/glut/lib/osx\"";
				GCC_DYNAMIC_NO_PIC = NO;
				GCC_GENERATE_DEBUGGING_SYMBOLS = YES;
				GCC_MODEL_TUNING = NONE;
				HEADER_SEARCH_PATHS = (
					"$(OF_CORE_HEADERS)",
					src,
					../../../../openFrameworks/addons/ofxJSON/libs,
					../../../../openFrameworks/addons/ofxJSON/libs/jsoncpp,
					../../../../openFrameworks/addons/ofxJSON/libs/jsoncpp/include,
					../../../../openFrameworks/addons/ofxJSON/libs/jsoncpp/include/json,
					../../../../openFrameworks/addons/ofxJSON/libs/jsoncpp/src,
					../../../../openFrameworks/addons/ofxJSON/src,
				);
				ICON = "$(ICON_NAME_DEBUG)";
				ICON_FILE = "$(ICON_FILE_PATH)$(ICON)";
				INFOPLIST_FILE = "openFrameworks-Info.plist";
				INSTALL_PATH = "$(HOME)/Applications";
				LIBRARY_SEARCH_PATHS = "$(inherited)";
				PRODUCT_NAME = CubicMapFlyingDebug;
				WRAPPER_EXTENSION = app;
			};
			name = Debug;
		};
		E4B69B610A3A1757003C02F2 /* Release */ = {
			isa = XCBuildConfiguration;
			baseConfigurationReference = E4EB6923138AFD0F00A09F29 /* Project.xcconfig */;
			buildSettings = {
				COMBINE_HIDPI_IMAGES = YES;
				COPY_PHASE_STRIP = YES;
				FRAMEWORK_SEARCH_PATHS = (
					"$(inherited)",
					"$(FRAMEWORK_SEARCH_PATHS_QUOTED_FOR_TARGET_1)",
				);
				FRAMEWORK_SEARCH_PATHS_QUOTED_FOR_TARGET_1 = "\"$(SRCROOT)/../../../../openFrameworks/libs/glut/lib/osx\"";
				GCC_GENERATE_DEBUGGING_SYMBOLS = YES;
				GCC_MODEL_TUNING = NONE;
				HEADER_SEARCH_PATHS = (
					"$(OF_CORE_HEADERS)",
					src,
					../../../../openFrameworks/addons/ofxJSON/libs,
					../../../../openFrameworks/addons/ofxJSON/libs/jsoncpp,
					../../../../openFrameworks/addons/ofxJSON/libs/jsoncpp/include,
					../../../../openFrameworks/addons/ofxJSON/libs/jsoncpp/include/json,
					../../../../openFrameworks/addons/ofxJSON/libs/jsoncpp/src,
					../../../../openFrameworks/addons/ofxJSON/src,
				);
				ICON = "$(ICON_NAME_RELEASE)";
				ICON_FILE = "$(ICON_FILE_PATH)$(ICON)";
				INFOPLIST_FILE = "openFrameworks-Info.plist";
				INSTALL_PATH = "$(HOME)/Applications";
				LIBRARY_SEARCH_PATHS = "$(inherited)";
				PRODUCT_NAME = CubicMapFlyingDebug;
				WRAPPER_EXTENSION = app;
				baseConfigurationReference = E4EB6923138AFD0F00A09F29;
			};
			name = Release;
		};
/* End XCBuildConfiguration section */

/* Begin XCConfigurationList section */
		E4B69B4D0A3A1720003C02F2 /* Build configuration list for PBXProject "CubicMapFlying" */ = {
			isa = XCConfigurationList;
			buildConfigurations = (
				E4B69B4E0A3A1720003C02F2 /* Debug */,
				E4B69B4F0A3A1720003C02F2 /* Release */,
			);
			defaultConfigurationIsVisible = 0;
			defaultConfigurationName = Release;
		};
		E4B69B5F0A3A1757003C02F2 /* Build configuration list for PBXNativeTarget "CubicMapFlying" */ = {
			isa = XCConfigurationList;
			buildConfigurations = (
				E4B69B600A3A1757003C02F2 /* Debug */,
				E4B69B610A3A1757003C02F2 /* Release */,
			);
			defaultConfigurationIsVisible = 0;
			defaultConfigurationName = Release;
		};
/* End XCConfigurationList section */
	};
	rootObject = E4B69B4C0A3A1720003C02F2 /* Project object */;
}
